// !$*UTF8*$!
{
	archiveVersion = 1;
	classes = {
	};
	objectVersion = 56;
	objects = {

/* Begin PBXBuildFile section */
		3E2FCB482C1CE8A300BC5796 /* CatsApp.swift in Sources */ = {isa = PBXBuildFile; fileRef = 3E2FCB472C1CE8A300BC5796 /* CatsApp.swift */; };
		3E2FCB4A2C1CE8A300BC5796 /* ContentView.swift in Sources */ = {isa = PBXBuildFile; fileRef = 3E2FCB492C1CE8A300BC5796 /* ContentView.swift */; };
		3E2FCB4C2C1CE8A500BC5796 /* Assets.xcassets in Resources */ = {isa = PBXBuildFile; fileRef = 3E2FCB4B2C1CE8A500BC5796 /* Assets.xcassets */; };
		3E2FCB4F2C1CE8A500BC5796 /* Preview Assets.xcassets in Resources */ = {isa = PBXBuildFile; fileRef = 3E2FCB4E2C1CE8A500BC5796 /* Preview Assets.xcassets */; };
		3E2FCB512C1CE8A500BC5796 /* Persistence.swift in Sources */ = {isa = PBXBuildFile; fileRef = 3E2FCB502C1CE8A500BC5796 /* Persistence.swift */; };
		3E2FCB542C1CE8A500BC5796 /* Cat_app_storage.xcdatamodeld in Sources */ = {isa = PBXBuildFile; fileRef = 3E2FCB522C1CE8A500BC5796 /* Cat_app_storage.xcdatamodeld */; };
		3E2FCB5E2C1CE8A500BC5796 /* Cat_appTests.swift in Sources */ = {isa = PBXBuildFile; fileRef = 3E2FCB5D2C1CE8A500BC5796 /* Cat_appTests.swift */; };
		3E2FCB682C1CE8A500BC5796 /* Cat_appUITests.swift in Sources */ = {isa = PBXBuildFile; fileRef = 3E2FCB672C1CE8A500BC5796 /* Cat_appUITests.swift */; };
		3E2FCB6A2C1CE8A500BC5796 /* Cat_appUITestsLaunchTests.swift in Sources */ = {isa = PBXBuildFile; fileRef = 3E2FCB692C1CE8A500BC5796 /* Cat_appUITestsLaunchTests.swift */; };
		3E2FCB7D2C1DD9E400BC5796 /* CatEntity.swift in Sources */ = {isa = PBXBuildFile; fileRef = 3E2FCB7C2C1DD9E400BC5796 /* CatEntity.swift */; };
		3E2FCB802C1DEB8600BC5796 /* CatsListRemoteRepository.swift in Sources */ = {isa = PBXBuildFile; fileRef = 3E2FCB7F2C1DEB8600BC5796 /* CatsListRemoteRepository.swift */; };
		3E2FCB872C1DED0F00BC5796 /* BreedImageDB.swift in Sources */ = {isa = PBXBuildFile; fileRef = 3E2FCB862C1DED0F00BC5796 /* BreedImageDB.swift */; };
		3E2FCB8D2C1DF4DA00BC5796 /* FetchBreedsListEnpoint.swift in Sources */ = {isa = PBXBuildFile; fileRef = 3E2FCB8C2C1DF4DA00BC5796 /* FetchBreedsListEnpoint.swift */; };
		3E2FCB8F2C1DF52400BC5796 /* EndpointsProtocol.swift in Sources */ = {isa = PBXBuildFile; fileRef = 3E2FCB8E2C1DF52400BC5796 /* EndpointsProtocol.swift */; };
		3E2FCB912C1DF56000BC5796 /* HTTPMethods.swift in Sources */ = {isa = PBXBuildFile; fileRef = 3E2FCB902C1DF56000BC5796 /* HTTPMethods.swift */; };
		3E2FCB932C1DFBDE00BC5796 /* APIProtocol.swift in Sources */ = {isa = PBXBuildFile; fileRef = 3E2FCB922C1DFBDE00BC5796 /* APIProtocol.swift */; };
		3E2FCB982C1E035C00BC5796 /* CatsListViewModel.swift in Sources */ = {isa = PBXBuildFile; fileRef = 3E2FCB972C1E035C00BC5796 /* CatsListViewModel.swift */; };
		3E2FCBD72C1E221300BC5796 /* mockBreedListData.json in Resources */ = {isa = PBXBuildFile; fileRef = 3E2FCBD62C1E221300BC5796 /* mockBreedListData.json */; };
		3E2FCBDA2C1E512400BC5796 /* CatImageView.swift in Sources */ = {isa = PBXBuildFile; fileRef = 3E2FCBD92C1E512400BC5796 /* CatImageView.swift */; };
		3E56DB1E2C1F22200097B833 /* mockCatImagesList.json in Sources */ = {isa = PBXBuildFile; fileRef = 3E56DB1D2C1F22200097B833 /* mockCatImagesList.json */; };
		3E56DB212C1F37460097B833 /* FetchImagesEndpoint.swift in Sources */ = {isa = PBXBuildFile; fileRef = 3E56DB202C1F37460097B833 /* FetchImagesEndpoint.swift */; };
		3E75289F2C1F1C32000B1128 /* BreedDB.swift in Sources */ = {isa = PBXBuildFile; fileRef = 3E75289E2C1F1C32000B1128 /* BreedDB.swift */; };
/* End PBXBuildFile section */

/* Begin PBXContainerItemProxy section */
		3E2FCB5A2C1CE8A500BC5796 /* PBXContainerItemProxy */ = {
			isa = PBXContainerItemProxy;
			containerPortal = 3E2FCB3C2C1CE8A300BC5796 /* Project object */;
			proxyType = 1;
			remoteGlobalIDString = 3E2FCB432C1CE8A300BC5796;
			remoteInfo = Cat_app;
		};
		3E2FCB642C1CE8A500BC5796 /* PBXContainerItemProxy */ = {
			isa = PBXContainerItemProxy;
			containerPortal = 3E2FCB3C2C1CE8A300BC5796 /* Project object */;
			proxyType = 1;
			remoteGlobalIDString = 3E2FCB432C1CE8A300BC5796;
			remoteInfo = Cat_app;
		};
/* End PBXContainerItemProxy section */

/* Begin PBXFileReference section */
		3E2FCB442C1CE8A300BC5796 /* Cats.app */ = {isa = PBXFileReference; explicitFileType = wrapper.application; includeInIndex = 0; path = Cats.app; sourceTree = BUILT_PRODUCTS_DIR; };
		3E2FCB472C1CE8A300BC5796 /* CatsApp.swift */ = {isa = PBXFileReference; lastKnownFileType = sourcecode.swift; path = CatsApp.swift; sourceTree = "<group>"; };
		3E2FCB492C1CE8A300BC5796 /* ContentView.swift */ = {isa = PBXFileReference; lastKnownFileType = sourcecode.swift; path = ContentView.swift; sourceTree = "<group>"; };
		3E2FCB4B2C1CE8A500BC5796 /* Assets.xcassets */ = {isa = PBXFileReference; lastKnownFileType = folder.assetcatalog; path = Assets.xcassets; sourceTree = "<group>"; };
		3E2FCB4E2C1CE8A500BC5796 /* Preview Assets.xcassets */ = {isa = PBXFileReference; lastKnownFileType = folder.assetcatalog; path = "Preview Assets.xcassets"; sourceTree = "<group>"; };
		3E2FCB502C1CE8A500BC5796 /* Persistence.swift */ = {isa = PBXFileReference; lastKnownFileType = sourcecode.swift; path = Persistence.swift; sourceTree = "<group>"; };
		3E2FCB532C1CE8A500BC5796 /* Cat_app.xcdatamodel */ = {isa = PBXFileReference; lastKnownFileType = wrapper.xcdatamodel; path = Cat_app.xcdatamodel; sourceTree = "<group>"; };
		3E2FCB592C1CE8A500BC5796 /* CatsTests.xctest */ = {isa = PBXFileReference; explicitFileType = wrapper.cfbundle; includeInIndex = 0; path = CatsTests.xctest; sourceTree = BUILT_PRODUCTS_DIR; };
		3E2FCB5D2C1CE8A500BC5796 /* Cat_appTests.swift */ = {isa = PBXFileReference; lastKnownFileType = sourcecode.swift; path = Cat_appTests.swift; sourceTree = "<group>"; };
		3E2FCB632C1CE8A500BC5796 /* CatsUITests.xctest */ = {isa = PBXFileReference; explicitFileType = wrapper.cfbundle; includeInIndex = 0; path = CatsUITests.xctest; sourceTree = BUILT_PRODUCTS_DIR; };
		3E2FCB672C1CE8A500BC5796 /* Cat_appUITests.swift */ = {isa = PBXFileReference; lastKnownFileType = sourcecode.swift; path = Cat_appUITests.swift; sourceTree = "<group>"; };
		3E2FCB692C1CE8A500BC5796 /* Cat_appUITestsLaunchTests.swift */ = {isa = PBXFileReference; lastKnownFileType = sourcecode.swift; path = Cat_appUITestsLaunchTests.swift; sourceTree = "<group>"; };
		3E2FCB7C2C1DD9E400BC5796 /* CatEntity.swift */ = {isa = PBXFileReference; lastKnownFileType = sourcecode.swift; path = CatEntity.swift; sourceTree = "<group>"; };
		3E2FCB7F2C1DEB8600BC5796 /* CatsListRemoteRepository.swift */ = {isa = PBXFileReference; lastKnownFileType = sourcecode.swift; path = CatsListRemoteRepository.swift; sourceTree = "<group>"; };
		3E2FCB862C1DED0F00BC5796 /* BreedImageDB.swift */ = {isa = PBXFileReference; lastKnownFileType = sourcecode.swift; path = BreedImageDB.swift; sourceTree = "<group>"; };
		3E2FCB8C2C1DF4DA00BC5796 /* FetchBreedsListEnpoint.swift */ = {isa = PBXFileReference; lastKnownFileType = sourcecode.swift; path = FetchBreedsListEnpoint.swift; sourceTree = "<group>"; };
		3E2FCB8E2C1DF52400BC5796 /* EndpointsProtocol.swift */ = {isa = PBXFileReference; lastKnownFileType = sourcecode.swift; path = EndpointsProtocol.swift; sourceTree = "<group>"; };
		3E2FCB902C1DF56000BC5796 /* HTTPMethods.swift */ = {isa = PBXFileReference; lastKnownFileType = sourcecode.swift; path = HTTPMethods.swift; sourceTree = "<group>"; };
		3E2FCB922C1DFBDE00BC5796 /* APIProtocol.swift */ = {isa = PBXFileReference; lastKnownFileType = sourcecode.swift; path = APIProtocol.swift; sourceTree = "<group>"; };
		3E2FCB972C1E035C00BC5796 /* CatsListViewModel.swift */ = {isa = PBXFileReference; lastKnownFileType = sourcecode.swift; path = CatsListViewModel.swift; sourceTree = "<group>"; };
		3E2FCBD62C1E221300BC5796 /* mockBreedListData.json */ = {isa = PBXFileReference; lastKnownFileType = text.json; path = mockBreedListData.json; sourceTree = "<group>"; };
		3E2FCBD92C1E512400BC5796 /* CatImageView.swift */ = {isa = PBXFileReference; lastKnownFileType = sourcecode.swift; path = CatImageView.swift; sourceTree = "<group>"; };
		3E56DB1D2C1F22200097B833 /* mockCatImagesList.json */ = {isa = PBXFileReference; lastKnownFileType = text.json; path = mockCatImagesList.json; sourceTree = "<group>"; };
		3E56DB202C1F37460097B833 /* FetchImagesEndpoint.swift */ = {isa = PBXFileReference; lastKnownFileType = sourcecode.swift; path = FetchImagesEndpoint.swift; sourceTree = "<group>"; };
		3E75289E2C1F1C32000B1128 /* BreedDB.swift */ = {isa = PBXFileReference; lastKnownFileType = sourcecode.swift; path = BreedDB.swift; sourceTree = "<group>"; };
/* End PBXFileReference section */

/* Begin PBXFrameworksBuildPhase section */
		3E2FCB412C1CE8A300BC5796 /* Frameworks */ = {
			isa = PBXFrameworksBuildPhase;
			buildActionMask = 2147483647;
			files = (
			);
			runOnlyForDeploymentPostprocessing = 0;
		};
		3E2FCB562C1CE8A500BC5796 /* Frameworks */ = {
			isa = PBXFrameworksBuildPhase;
			buildActionMask = 2147483647;
			files = (
			);
			runOnlyForDeploymentPostprocessing = 0;
		};
		3E2FCB602C1CE8A500BC5796 /* Frameworks */ = {
			isa = PBXFrameworksBuildPhase;
			buildActionMask = 2147483647;
			files = (
			);
			runOnlyForDeploymentPostprocessing = 0;
		};
/* End PBXFrameworksBuildPhase section */

/* Begin PBXGroup section */
		3E2FCB3B2C1CE8A300BC5796 = {
			isa = PBXGroup;
			children = (
				3E2FCB462C1CE8A300BC5796 /* Cats */,
				3E2FCB762C1CF97700BC5796 /* Cats_Domain */,
				3E2FCB772C1CF98600BC5796 /* Cats_API */,
				3E2FCB5C2C1CE8A500BC5796 /* Cat_appTests */,
				3E2FCB662C1CE8A500BC5796 /* Cat_appUITests */,
				3E2FCB452C1CE8A300BC5796 /* Products */,
			);
			sourceTree = "<group>";
		};
		3E2FCB452C1CE8A300BC5796 /* Products */ = {
			isa = PBXGroup;
			children = (
				3E2FCB442C1CE8A300BC5796 /* Cats.app */,
				3E2FCB592C1CE8A500BC5796 /* CatsTests.xctest */,
				3E2FCB632C1CE8A500BC5796 /* CatsUITests.xctest */,
			);
			name = Products;
			sourceTree = "<group>";
		};
		3E2FCB462C1CE8A300BC5796 /* Cats */ = {
			isa = PBXGroup;
			children = (
				3E2FCB942C1E032E00BC5796 /* Scenes */,
				3E2FCB472C1CE8A300BC5796 /* CatsApp.swift */,
				3E2FCB492C1CE8A300BC5796 /* ContentView.swift */,
				3E2FCB502C1CE8A500BC5796 /* Persistence.swift */,
				3E2FCB4B2C1CE8A500BC5796 /* Assets.xcassets */,
				3E2FCB522C1CE8A500BC5796 /* Cat_app_storage.xcdatamodeld */,
				3E2FCB4D2C1CE8A500BC5796 /* Preview Content */,
				3E2FCBD62C1E221300BC5796 /* mockBreedListData.json */,
				3E56DB1D2C1F22200097B833 /* mockCatImagesList.json */,
			);
			path = Cats;
			sourceTree = "<group>";
		};
		3E2FCB4D2C1CE8A500BC5796 /* Preview Content */ = {
			isa = PBXGroup;
			children = (
				3E2FCB4E2C1CE8A500BC5796 /* Preview Assets.xcassets */,
			);
			path = "Preview Content";
			sourceTree = "<group>";
		};
		3E2FCB5C2C1CE8A500BC5796 /* Cat_appTests */ = {
			isa = PBXGroup;
			children = (
				3E2FCB5D2C1CE8A500BC5796 /* Cat_appTests.swift */,
			);
			path = Cat_appTests;
			sourceTree = "<group>";
		};
		3E2FCB662C1CE8A500BC5796 /* Cat_appUITests */ = {
			isa = PBXGroup;
			children = (
				3E2FCB672C1CE8A500BC5796 /* Cat_appUITests.swift */,
				3E2FCB692C1CE8A500BC5796 /* Cat_appUITestsLaunchTests.swift */,
			);
			path = Cat_appUITests;
			sourceTree = "<group>";
		};
		3E2FCB762C1CF97700BC5796 /* Cats_Domain */ = {
			isa = PBXGroup;
			children = (
				3E2FCB7A2C1CF9B800BC5796 /* Entities */,
				3E2FCB792C1CF9AB00BC5796 /* UseCases */,
				3E2FCB782C1CF9A000BC5796 /* Transforms */,
				3E2FCB7B2C1CF9C500BC5796 /* Repositories */,
			);
			path = Cats_Domain;
			sourceTree = "<group>";
		};
		3E2FCB772C1CF98600BC5796 /* Cats_API */ = {
			isa = PBXGroup;
			children = (
				3E2FCB842C1DECDA00BC5796 /* DBEntities */,
				3E2FCB812C1DEC4900BC5796 /* Common */,
				3E2FCB7E2C1DEB5000BC5796 /* Remote Repositories */,
			);
			path = Cats_API;
			sourceTree = "<group>";
		};
		3E2FCB782C1CF9A000BC5796 /* Transforms */ = {
			isa = PBXGroup;
			children = (
			);
			path = Transforms;
			sourceTree = "<group>";
		};
		3E2FCB792C1CF9AB00BC5796 /* UseCases */ = {
			isa = PBXGroup;
			children = (
			);
			path = UseCases;
			sourceTree = "<group>";
		};
		3E2FCB7A2C1CF9B800BC5796 /* Entities */ = {
			isa = PBXGroup;
			children = (
				3E2FCB7C2C1DD9E400BC5796 /* CatEntity.swift */,
			);
			path = Entities;
			sourceTree = "<group>";
		};
		3E2FCB7B2C1CF9C500BC5796 /* Repositories */ = {
			isa = PBXGroup;
			children = (
			);
			path = Repositories;
			sourceTree = "<group>";
		};
		3E2FCB7E2C1DEB5000BC5796 /* Remote Repositories */ = {
			isa = PBXGroup;
			children = (
				3E2FCB7F2C1DEB8600BC5796 /* CatsListRemoteRepository.swift */,
			);
			path = "Remote Repositories";
			sourceTree = "<group>";
		};
		3E2FCB812C1DEC4900BC5796 /* Common */ = {
			isa = PBXGroup;
			children = (
				3E2FCB8E2C1DF52400BC5796 /* EndpointsProtocol.swift */,
				3E2FCB902C1DF56000BC5796 /* HTTPMethods.swift */,
				3E2FCB8A2C1DF4A500BC5796 /* Endpoints */,
				3E2FCB922C1DFBDE00BC5796 /* APIProtocol.swift */,
			);
			path = Common;
			sourceTree = "<group>";
		};
		3E2FCB842C1DECDA00BC5796 /* DBEntities */ = {
			isa = PBXGroup;
			children = (
				3E2FCB862C1DED0F00BC5796 /* BreedImageDB.swift */,
				3E75289E2C1F1C32000B1128 /* BreedDB.swift */,
			);
			path = DBEntities;
			sourceTree = "<group>";
		};
		3E2FCB8A2C1DF4A500BC5796 /* Endpoints */ = {
			isa = PBXGroup;
			children = (
				3E56DB1F2C1F371F0097B833 /* Images */,
				3E2FCB8B2C1DF4B100BC5796 /* Breeds */,
			);
			path = Endpoints;
			sourceTree = "<group>";
		};
		3E2FCB8B2C1DF4B100BC5796 /* Breeds */ = {
			isa = PBXGroup;
			children = (
				3E2FCB8C2C1DF4DA00BC5796 /* FetchBreedsListEnpoint.swift */,
			);
			path = Breeds;
			sourceTree = "<group>";
		};
		3E2FCB942C1E032E00BC5796 /* Scenes */ = {
			isa = PBXGroup;
			children = (
				3E2FCB952C1E033900BC5796 /* CatsList */,
			);
			path = Scenes;
			sourceTree = "<group>";
		};
		3E2FCB952C1E033900BC5796 /* CatsList */ = {
			isa = PBXGroup;
			children = (
				3E2FCBD82C1E50EF00BC5796 /* View */,
				3E2FCB962C1E034300BC5796 /* View Model */,
			);
			path = CatsList;
			sourceTree = "<group>";
		};
		3E2FCB962C1E034300BC5796 /* View Model */ = {
			isa = PBXGroup;
			children = (
				3E2FCB972C1E035C00BC5796 /* CatsListViewModel.swift */,
			);
			path = "View Model";
			sourceTree = "<group>";
		};
		3E2FCBD82C1E50EF00BC5796 /* View */ = {
			isa = PBXGroup;
			children = (
				3E2FCBD92C1E512400BC5796 /* CatImageView.swift */,
			);
			path = View;
			sourceTree = "<group>";
		};
		3E56DB1F2C1F371F0097B833 /* Images */ = {
			isa = PBXGroup;
			children = (
				3E56DB202C1F37460097B833 /* FetchImagesEndpoint.swift */,
			);
			path = Images;
			sourceTree = "<group>";
		};
/* End PBXGroup section */

/* Begin PBXNativeTarget section */
		3E2FCB432C1CE8A300BC5796 /* Cats */ = {
			isa = PBXNativeTarget;
			buildConfigurationList = 3E2FCB6D2C1CE8A500BC5796 /* Build configuration list for PBXNativeTarget "Cats" */;
			buildPhases = (
				3E2FCB402C1CE8A300BC5796 /* Sources */,
				3E2FCB412C1CE8A300BC5796 /* Frameworks */,
				3E2FCB422C1CE8A300BC5796 /* Resources */,
			);
			buildRules = (
			);
			dependencies = (
			);
			name = Cats;
			productName = Cat_app;
			productReference = 3E2FCB442C1CE8A300BC5796 /* Cats.app */;
			productType = "com.apple.product-type.application";
		};
		3E2FCB582C1CE8A500BC5796 /* CatsTests */ = {
			isa = PBXNativeTarget;
			buildConfigurationList = 3E2FCB702C1CE8A500BC5796 /* Build configuration list for PBXNativeTarget "CatsTests" */;
			buildPhases = (
				3E2FCB552C1CE8A500BC5796 /* Sources */,
				3E2FCB562C1CE8A500BC5796 /* Frameworks */,
				3E2FCB572C1CE8A500BC5796 /* Resources */,
			);
			buildRules = (
			);
			dependencies = (
				3E2FCB5B2C1CE8A500BC5796 /* PBXTargetDependency */,
			);
			name = CatsTests;
			productName = Cat_appTests;
			productReference = 3E2FCB592C1CE8A500BC5796 /* CatsTests.xctest */;
			productType = "com.apple.product-type.bundle.unit-test";
		};
		3E2FCB622C1CE8A500BC5796 /* CatsUITests */ = {
			isa = PBXNativeTarget;
			buildConfigurationList = 3E2FCB732C1CE8A500BC5796 /* Build configuration list for PBXNativeTarget "CatsUITests" */;
			buildPhases = (
				3E2FCB5F2C1CE8A500BC5796 /* Sources */,
				3E2FCB602C1CE8A500BC5796 /* Frameworks */,
				3E2FCB612C1CE8A500BC5796 /* Resources */,
			);
			buildRules = (
			);
			dependencies = (
				3E2FCB652C1CE8A500BC5796 /* PBXTargetDependency */,
			);
			name = CatsUITests;
			productName = Cat_appUITests;
			productReference = 3E2FCB632C1CE8A500BC5796 /* CatsUITests.xctest */;
			productType = "com.apple.product-type.bundle.ui-testing";
		};
/* End PBXNativeTarget section */

/* Begin PBXProject section */
		3E2FCB3C2C1CE8A300BC5796 /* Project object */ = {
			isa = PBXProject;
			attributes = {
				BuildIndependentTargetsInParallel = 1;
				LastSwiftUpdateCheck = 1510;
				LastUpgradeCheck = 1510;
				TargetAttributes = {
					3E2FCB432C1CE8A300BC5796 = {
						CreatedOnToolsVersion = 15.1;
					};
					3E2FCB582C1CE8A500BC5796 = {
						CreatedOnToolsVersion = 15.1;
						TestTargetID = 3E2FCB432C1CE8A300BC5796;
					};
					3E2FCB622C1CE8A500BC5796 = {
						CreatedOnToolsVersion = 15.1;
						TestTargetID = 3E2FCB432C1CE8A300BC5796;
					};
				};
			};
			buildConfigurationList = 3E2FCB3F2C1CE8A300BC5796 /* Build configuration list for PBXProject "Cats" */;
			compatibilityVersion = "Xcode 14.0";
			developmentRegion = en;
			hasScannedForEncodings = 0;
			knownRegions = (
				en,
				Base,
			);
			mainGroup = 3E2FCB3B2C1CE8A300BC5796;
			productRefGroup = 3E2FCB452C1CE8A300BC5796 /* Products */;
			projectDirPath = "";
			projectRoot = "";
			targets = (
				3E2FCB432C1CE8A300BC5796 /* Cats */,
				3E2FCB582C1CE8A500BC5796 /* CatsTests */,
				3E2FCB622C1CE8A500BC5796 /* CatsUITests */,
			);
		};
/* End PBXProject section */

/* Begin PBXResourcesBuildPhase section */
		3E2FCB422C1CE8A300BC5796 /* Resources */ = {
			isa = PBXResourcesBuildPhase;
			buildActionMask = 2147483647;
			files = (
				3E2FCBD72C1E221300BC5796 /* mockBreedListData.json in Resources */,
				3E2FCB4F2C1CE8A500BC5796 /* Preview Assets.xcassets in Resources */,
				3E2FCB4C2C1CE8A500BC5796 /* Assets.xcassets in Resources */,
			);
			runOnlyForDeploymentPostprocessing = 0;
		};
		3E2FCB572C1CE8A500BC5796 /* Resources */ = {
			isa = PBXResourcesBuildPhase;
			buildActionMask = 2147483647;
			files = (
			);
			runOnlyForDeploymentPostprocessing = 0;
		};
		3E2FCB612C1CE8A500BC5796 /* Resources */ = {
			isa = PBXResourcesBuildPhase;
			buildActionMask = 2147483647;
			files = (
			);
			runOnlyForDeploymentPostprocessing = 0;
		};
/* End PBXResourcesBuildPhase section */

/* Begin PBXSourcesBuildPhase section */
		3E2FCB402C1CE8A300BC5796 /* Sources */ = {
			isa = PBXSourcesBuildPhase;
			buildActionMask = 2147483647;
			files = (
				3E2FCB8F2C1DF52400BC5796 /* EndpointsProtocol.swift in Sources */,
				3E2FCB542C1CE8A500BC5796 /* Cat_app_storage.xcdatamodeld in Sources */,
				3E56DB1E2C1F22200097B833 /* mockCatImagesList.json in Sources */,
				3E2FCB7D2C1DD9E400BC5796 /* CatEntity.swift in Sources */,
				3E2FCB8D2C1DF4DA00BC5796 /* FetchBreedsListEnpoint.swift in Sources */,
				3E56DB212C1F37460097B833 /* FetchImagesEndpoint.swift in Sources */,
				3E2FCB932C1DFBDE00BC5796 /* APIProtocol.swift in Sources */,
				3E2FCB982C1E035C00BC5796 /* CatsListViewModel.swift in Sources */,
				3E2FCB802C1DEB8600BC5796 /* CatsListRemoteRepository.swift in Sources */,
				3E2FCB512C1CE8A500BC5796 /* Persistence.swift in Sources */,
				3E75289F2C1F1C32000B1128 /* BreedDB.swift in Sources */,
				3E2FCBDA2C1E512400BC5796 /* CatImageView.swift in Sources */,
				3E2FCB872C1DED0F00BC5796 /* BreedImageDB.swift in Sources */,
				3E2FCB4A2C1CE8A300BC5796 /* ContentView.swift in Sources */,
				3E2FCB482C1CE8A300BC5796 /* CatsApp.swift in Sources */,
				3E2FCB912C1DF56000BC5796 /* HTTPMethods.swift in Sources */,
			);
			runOnlyForDeploymentPostprocessing = 0;
		};
		3E2FCB552C1CE8A500BC5796 /* Sources */ = {
			isa = PBXSourcesBuildPhase;
			buildActionMask = 2147483647;
			files = (
				3E2FCB5E2C1CE8A500BC5796 /* Cat_appTests.swift in Sources */,
			);
			runOnlyForDeploymentPostprocessing = 0;
		};
		3E2FCB5F2C1CE8A500BC5796 /* Sources */ = {
			isa = PBXSourcesBuildPhase;
			buildActionMask = 2147483647;
			files = (
				3E2FCB682C1CE8A500BC5796 /* Cat_appUITests.swift in Sources */,
				3E2FCB6A2C1CE8A500BC5796 /* Cat_appUITestsLaunchTests.swift in Sources */,
			);
			runOnlyForDeploymentPostprocessing = 0;
		};
/* End PBXSourcesBuildPhase section */

/* Begin PBXTargetDependency section */
		3E2FCB5B2C1CE8A500BC5796 /* PBXTargetDependency */ = {
			isa = PBXTargetDependency;
			target = 3E2FCB432C1CE8A300BC5796 /* Cats */;
			targetProxy = 3E2FCB5A2C1CE8A500BC5796 /* PBXContainerItemProxy */;
		};
		3E2FCB652C1CE8A500BC5796 /* PBXTargetDependency */ = {
			isa = PBXTargetDependency;
			target = 3E2FCB432C1CE8A300BC5796 /* Cats */;
			targetProxy = 3E2FCB642C1CE8A500BC5796 /* PBXContainerItemProxy */;
		};
/* End PBXTargetDependency section */

/* Begin XCBuildConfiguration section */
		3E2FCB6B2C1CE8A500BC5796 /* Debug */ = {
			isa = XCBuildConfiguration;
			buildSettings = {
				ALWAYS_SEARCH_USER_PATHS = NO;
				ASSETCATALOG_COMPILER_GENERATE_SWIFT_ASSET_SYMBOL_EXTENSIONS = YES;
				CLANG_ANALYZER_NONNULL = YES;
				CLANG_ANALYZER_NUMBER_OBJECT_CONVERSION = YES_AGGRESSIVE;
				CLANG_CXX_LANGUAGE_STANDARD = "gnu++20";
				CLANG_ENABLE_MODULES = YES;
				CLANG_ENABLE_OBJC_ARC = YES;
				CLANG_ENABLE_OBJC_WEAK = YES;
				CLANG_WARN_BLOCK_CAPTURE_AUTORELEASING = YES;
				CLANG_WARN_BOOL_CONVERSION = YES;
				CLANG_WARN_COMMA = YES;
				CLANG_WARN_CONSTANT_CONVERSION = YES;
				CLANG_WARN_DEPRECATED_OBJC_IMPLEMENTATIONS = YES;
				CLANG_WARN_DIRECT_OBJC_ISA_USAGE = YES_ERROR;
				CLANG_WARN_DOCUMENTATION_COMMENTS = YES;
				CLANG_WARN_EMPTY_BODY = YES;
				CLANG_WARN_ENUM_CONVERSION = YES;
				CLANG_WARN_INFINITE_RECURSION = YES;
				CLANG_WARN_INT_CONVERSION = YES;
				CLANG_WARN_NON_LITERAL_NULL_CONVERSION = YES;
				CLANG_WARN_OBJC_IMPLICIT_RETAIN_SELF = YES;
				CLANG_WARN_OBJC_LITERAL_CONVERSION = YES;
				CLANG_WARN_OBJC_ROOT_CLASS = YES_ERROR;
				CLANG_WARN_QUOTED_INCLUDE_IN_FRAMEWORK_HEADER = YES;
				CLANG_WARN_RANGE_LOOP_ANALYSIS = YES;
				CLANG_WARN_STRICT_PROTOTYPES = YES;
				CLANG_WARN_SUSPICIOUS_MOVE = YES;
				CLANG_WARN_UNGUARDED_AVAILABILITY = YES_AGGRESSIVE;
				CLANG_WARN_UNREACHABLE_CODE = YES;
				CLANG_WARN__DUPLICATE_METHOD_MATCH = YES;
				COPY_PHASE_STRIP = NO;
				DEBUG_INFORMATION_FORMAT = dwarf;
				ENABLE_STRICT_OBJC_MSGSEND = YES;
				ENABLE_TESTABILITY = YES;
				ENABLE_USER_SCRIPT_SANDBOXING = YES;
				GCC_C_LANGUAGE_STANDARD = gnu17;
				GCC_DYNAMIC_NO_PIC = NO;
				GCC_NO_COMMON_BLOCKS = YES;
				GCC_OPTIMIZATION_LEVEL = 0;
				GCC_PREPROCESSOR_DEFINITIONS = (
					"DEBUG=1",
					"$(inherited)",
				);
				GCC_WARN_64_TO_32_BIT_CONVERSION = YES;
				GCC_WARN_ABOUT_RETURN_TYPE = YES_ERROR;
				GCC_WARN_UNDECLARED_SELECTOR = YES;
				GCC_WARN_UNINITIALIZED_AUTOS = YES_AGGRESSIVE;
				GCC_WARN_UNUSED_FUNCTION = YES;
				GCC_WARN_UNUSED_VARIABLE = YES;
				IPHONEOS_DEPLOYMENT_TARGET = 17.2;
				LOCALIZATION_PREFERS_STRING_CATALOGS = YES;
				MTL_ENABLE_DEBUG_INFO = INCLUDE_SOURCE;
				MTL_FAST_MATH = YES;
				ONLY_ACTIVE_ARCH = YES;
				SDKROOT = iphoneos;
				SWIFT_ACTIVE_COMPILATION_CONDITIONS = "DEBUG $(inherited)";
				SWIFT_OPTIMIZATION_LEVEL = "-Onone";
			};
			name = Debug;
		};
		3E2FCB6C2C1CE8A500BC5796 /* Release */ = {
			isa = XCBuildConfiguration;
			buildSettings = {
				ALWAYS_SEARCH_USER_PATHS = NO;
				ASSETCATALOG_COMPILER_GENERATE_SWIFT_ASSET_SYMBOL_EXTENSIONS = YES;
				CLANG_ANALYZER_NONNULL = YES;
				CLANG_ANALYZER_NUMBER_OBJECT_CONVERSION = YES_AGGRESSIVE;
				CLANG_CXX_LANGUAGE_STANDARD = "gnu++20";
				CLANG_ENABLE_MODULES = YES;
				CLANG_ENABLE_OBJC_ARC = YES;
				CLANG_ENABLE_OBJC_WEAK = YES;
				CLANG_WARN_BLOCK_CAPTURE_AUTORELEASING = YES;
				CLANG_WARN_BOOL_CONVERSION = YES;
				CLANG_WARN_COMMA = YES;
				CLANG_WARN_CONSTANT_CONVERSION = YES;
				CLANG_WARN_DEPRECATED_OBJC_IMPLEMENTATIONS = YES;
				CLANG_WARN_DIRECT_OBJC_ISA_USAGE = YES_ERROR;
				CLANG_WARN_DOCUMENTATION_COMMENTS = YES;
				CLANG_WARN_EMPTY_BODY = YES;
				CLANG_WARN_ENUM_CONVERSION = YES;
				CLANG_WARN_INFINITE_RECURSION = YES;
				CLANG_WARN_INT_CONVERSION = YES;
				CLANG_WARN_NON_LITERAL_NULL_CONVERSION = YES;
				CLANG_WARN_OBJC_IMPLICIT_RETAIN_SELF = YES;
				CLANG_WARN_OBJC_LITERAL_CONVERSION = YES;
				CLANG_WARN_OBJC_ROOT_CLASS = YES_ERROR;
				CLANG_WARN_QUOTED_INCLUDE_IN_FRAMEWORK_HEADER = YES;
				CLANG_WARN_RANGE_LOOP_ANALYSIS = YES;
				CLANG_WARN_STRICT_PROTOTYPES = YES;
				CLANG_WARN_SUSPICIOUS_MOVE = YES;
				CLANG_WARN_UNGUARDED_AVAILABILITY = YES_AGGRESSIVE;
				CLANG_WARN_UNREACHABLE_CODE = YES;
				CLANG_WARN__DUPLICATE_METHOD_MATCH = YES;
				COPY_PHASE_STRIP = NO;
				DEBUG_INFORMATION_FORMAT = "dwarf-with-dsym";
				ENABLE_NS_ASSERTIONS = NO;
				ENABLE_STRICT_OBJC_MSGSEND = YES;
				ENABLE_USER_SCRIPT_SANDBOXING = YES;
				GCC_C_LANGUAGE_STANDARD = gnu17;
				GCC_NO_COMMON_BLOCKS = YES;
				GCC_WARN_64_TO_32_BIT_CONVERSION = YES;
				GCC_WARN_ABOUT_RETURN_TYPE = YES_ERROR;
				GCC_WARN_UNDECLARED_SELECTOR = YES;
				GCC_WARN_UNINITIALIZED_AUTOS = YES_AGGRESSIVE;
				GCC_WARN_UNUSED_FUNCTION = YES;
				GCC_WARN_UNUSED_VARIABLE = YES;
				IPHONEOS_DEPLOYMENT_TARGET = 17.2;
				LOCALIZATION_PREFERS_STRING_CATALOGS = YES;
				MTL_ENABLE_DEBUG_INFO = NO;
				MTL_FAST_MATH = YES;
				SDKROOT = iphoneos;
				SWIFT_COMPILATION_MODE = wholemodule;
				VALIDATE_PRODUCT = YES;
			};
			name = Release;
		};
		3E2FCB6E2C1CE8A500BC5796 /* Debug */ = {
			isa = XCBuildConfiguration;
			buildSettings = {
				ASSETCATALOG_COMPILER_APPICON_NAME = AppIcon;
				ASSETCATALOG_COMPILER_GLOBAL_ACCENT_COLOR_NAME = AccentColor;
				CODE_SIGN_STYLE = Automatic;
				CURRENT_PROJECT_VERSION = 1;
				DEVELOPMENT_ASSET_PATHS = "\"Cats/Preview Content\"";
				DEVELOPMENT_TEAM = V5642TPTW8;
				ENABLE_PREVIEWS = YES;
				GENERATE_INFOPLIST_FILE = YES;
				INFOPLIST_KEY_UIApplicationSceneManifest_Generation = YES;
				INFOPLIST_KEY_UIApplicationSupportsIndirectInputEvents = YES;
				INFOPLIST_KEY_UILaunchScreen_Generation = YES;
				INFOPLIST_KEY_UISupportedInterfaceOrientations_iPad = "UIInterfaceOrientationPortrait UIInterfaceOrientationPortraitUpsideDown UIInterfaceOrientationLandscapeLeft UIInterfaceOrientationLandscapeRight";
				INFOPLIST_KEY_UISupportedInterfaceOrientations_iPhone = "UIInterfaceOrientationPortrait UIInterfaceOrientationLandscapeLeft UIInterfaceOrientationLandscapeRight";
				LD_RUNPATH_SEARCH_PATHS = (
					"$(inherited)",
					"@executable_path/Frameworks",
				);
				MARKETING_VERSION = 1.0;
				PRODUCT_BUNDLE_IDENTIFIER = "personal.Cat-app";
				PRODUCT_NAME = "$(TARGET_NAME)";
				SWIFT_EMIT_LOC_STRINGS = YES;
				SWIFT_VERSION = 5.0;
				TARGETED_DEVICE_FAMILY = "1,2";
			};
			name = Debug;
		};
		3E2FCB6F2C1CE8A500BC5796 /* Release */ = {
			isa = XCBuildConfiguration;
			buildSettings = {
				ASSETCATALOG_COMPILER_APPICON_NAME = AppIcon;
				ASSETCATALOG_COMPILER_GLOBAL_ACCENT_COLOR_NAME = AccentColor;
				CODE_SIGN_STYLE = Automatic;
				CURRENT_PROJECT_VERSION = 1;
				DEVELOPMENT_ASSET_PATHS = "\"Cats/Preview Content\"";
				DEVELOPMENT_TEAM = V5642TPTW8;
				ENABLE_PREVIEWS = YES;
				GENERATE_INFOPLIST_FILE = YES;
				INFOPLIST_KEY_UIApplicationSceneManifest_Generation = YES;
				INFOPLIST_KEY_UIApplicationSupportsIndirectInputEvents = YES;
				INFOPLIST_KEY_UILaunchScreen_Generation = YES;
				INFOPLIST_KEY_UISupportedInterfaceOrientations_iPad = "UIInterfaceOrientationPortrait UIInterfaceOrientationPortraitUpsideDown UIInterfaceOrientationLandscapeLeft UIInterfaceOrientationLandscapeRight";
				INFOPLIST_KEY_UISupportedInterfaceOrientations_iPhone = "UIInterfaceOrientationPortrait UIInterfaceOrientationLandscapeLeft UIInterfaceOrientationLandscapeRight";
				LD_RUNPATH_SEARCH_PATHS = (
					"$(inherited)",
					"@executable_path/Frameworks",
				);
				MARKETING_VERSION = 1.0;
				PRODUCT_BUNDLE_IDENTIFIER = "personal.Cat-app";
				PRODUCT_NAME = "$(TARGET_NAME)";
				SWIFT_EMIT_LOC_STRINGS = YES;
				SWIFT_VERSION = 5.0;
				TARGETED_DEVICE_FAMILY = "1,2";
			};
			name = Release;
		};
		3E2FCB712C1CE8A500BC5796 /* Debug */ = {
			isa = XCBuildConfiguration;
			buildSettings = {
				ALWAYS_EMBED_SWIFT_STANDARD_LIBRARIES = YES;
				BUNDLE_LOADER = "$(TEST_HOST)";
				CODE_SIGN_STYLE = Automatic;
				CURRENT_PROJECT_VERSION = 1;
				DEVELOPMENT_TEAM = V5642TPTW8;
				GENERATE_INFOPLIST_FILE = YES;
				IPHONEOS_DEPLOYMENT_TARGET = 17.2;
				MARKETING_VERSION = 1.0;
				PRODUCT_BUNDLE_IDENTIFIER = "personal.Cat-appTests";
				PRODUCT_NAME = "$(TARGET_NAME)";
				SWIFT_EMIT_LOC_STRINGS = NO;
				SWIFT_VERSION = 5.0;
				TARGETED_DEVICE_FAMILY = "1,2";
				TEST_HOST = "$(BUILT_PRODUCTS_DIR)/Cats.app/$(BUNDLE_EXECUTABLE_FOLDER_PATH)/Cats";
			};
			name = Debug;
		};
		3E2FCB722C1CE8A500BC5796 /* Release */ = {
			isa = XCBuildConfiguration;
			buildSettings = {
				ALWAYS_EMBED_SWIFT_STANDARD_LIBRARIES = YES;
				BUNDLE_LOADER = "$(TEST_HOST)";
				CODE_SIGN_STYLE = Automatic;
				CURRENT_PROJECT_VERSION = 1;
				DEVELOPMENT_TEAM = V5642TPTW8;
				GENERATE_INFOPLIST_FILE = YES;
				IPHONEOS_DEPLOYMENT_TARGET = 17.2;
				MARKETING_VERSION = 1.0;
				PRODUCT_BUNDLE_IDENTIFIER = "personal.Cat-appTests";
				PRODUCT_NAME = "$(TARGET_NAME)";
				SWIFT_EMIT_LOC_STRINGS = NO;
				SWIFT_VERSION = 5.0;
				TARGETED_DEVICE_FAMILY = "1,2";
				TEST_HOST = "$(BUILT_PRODUCTS_DIR)/Cats.app/$(BUNDLE_EXECUTABLE_FOLDER_PATH)/Cats";
			};
			name = Release;
		};
		3E2FCB742C1CE8A500BC5796 /* Debug */ = {
			isa = XCBuildConfiguration;
			buildSettings = {
				ALWAYS_EMBED_SWIFT_STANDARD_LIBRARIES = YES;
				CODE_SIGN_STYLE = Automatic;
				CURRENT_PROJECT_VERSION = 1;
				DEVELOPMENT_TEAM = V5642TPTW8;
				GENERATE_INFOPLIST_FILE = YES;
				MARKETING_VERSION = 1.0;
				PRODUCT_BUNDLE_IDENTIFIER = "personal.Cat-appUITests";
				PRODUCT_NAME = "$(TARGET_NAME)";
				SWIFT_EMIT_LOC_STRINGS = NO;
				SWIFT_VERSION = 5.0;
				TARGETED_DEVICE_FAMILY = "1,2";
				TEST_TARGET_NAME = Cat_app;
			};
			name = Debug;
		};
		3E2FCB752C1CE8A500BC5796 /* Release */ = {
			isa = XCBuildConfiguration;
			buildSettings = {
				ALWAYS_EMBED_SWIFT_STANDARD_LIBRARIES = YES;
				CODE_SIGN_STYLE = Automatic;
				CURRENT_PROJECT_VERSION = 1;
				DEVELOPMENT_TEAM = V5642TPTW8;
				GENERATE_INFOPLIST_FILE = YES;
				MARKETING_VERSION = 1.0;
				PRODUCT_BUNDLE_IDENTIFIER = "personal.Cat-appUITests";
				PRODUCT_NAME = "$(TARGET_NAME)";
				SWIFT_EMIT_LOC_STRINGS = NO;
				SWIFT_VERSION = 5.0;
				TARGETED_DEVICE_FAMILY = "1,2";
				TEST_TARGET_NAME = Cat_app;
			};
			name = Release;
		};
/* End XCBuildConfiguration section */

/* Begin XCConfigurationList section */
		3E2FCB3F2C1CE8A300BC5796 /* Build configuration list for PBXProject "Cats" */ = {
			isa = XCConfigurationList;
			buildConfigurations = (
				3E2FCB6B2C1CE8A500BC5796 /* Debug */,
				3E2FCB6C2C1CE8A500BC5796 /* Release */,
			);
			defaultConfigurationIsVisible = 0;
			defaultConfigurationName = Release;
		};
		3E2FCB6D2C1CE8A500BC5796 /* Build configuration list for PBXNativeTarget "Cats" */ = {
			isa = XCConfigurationList;
			buildConfigurations = (
				3E2FCB6E2C1CE8A500BC5796 /* Debug */,
				3E2FCB6F2C1CE8A500BC5796 /* Release */,
			);
			defaultConfigurationIsVisible = 0;
			defaultConfigurationName = Release;
		};
		3E2FCB702C1CE8A500BC5796 /* Build configuration list for PBXNativeTarget "CatsTests" */ = {
			isa = XCConfigurationList;
			buildConfigurations = (
				3E2FCB712C1CE8A500BC5796 /* Debug */,
				3E2FCB722C1CE8A500BC5796 /* Release */,
			);
			defaultConfigurationIsVisible = 0;
			defaultConfigurationName = Release;
		};
		3E2FCB732C1CE8A500BC5796 /* Build configuration list for PBXNativeTarget "CatsUITests" */ = {
			isa = XCConfigurationList;
			buildConfigurations = (
				3E2FCB742C1CE8A500BC5796 /* Debug */,
				3E2FCB752C1CE8A500BC5796 /* Release */,
			);
			defaultConfigurationIsVisible = 0;
			defaultConfigurationName = Release;
		};
/* End XCConfigurationList section */

/* Begin XCVersionGroup section */
		3E2FCB522C1CE8A500BC5796 /* Cat_app_storage.xcdatamodeld */ = {
			isa = XCVersionGroup;
			children = (
				3E2FCB532C1CE8A500BC5796 /* Cat_app.xcdatamodel */,
			);
			currentVersion = 3E2FCB532C1CE8A500BC5796 /* Cat_app.xcdatamodel */;
			path = Cat_app_storage.xcdatamodeld;
			sourceTree = "<group>";
			versionGroupType = wrapper.xcdatamodel;
		};
/* End XCVersionGroup section */
	};
	rootObject = 3E2FCB3C2C1CE8A300BC5796 /* Project object */;
}
